
Microsoft Visual Studio Solution File, Format Version 12.00
# Visual Studio Version 16
VisualStudioVersion = 16.0.31112.23
MinimumVisualStudioVersion = 10.0.40219.1
Project("{FAE04EC0-301F-11D3-BF4B-00C04F79EFBC}") = "M5_SALES.Api", "M5_SALES.Api\M5_SALES.Api.csproj", "{EE66CB43-1C5F-4B4A-8CFD-3E1EC9C11509}"
EndProject
Project("{2150E333-8FDC-42A3-9474-1A3956D46DE8}") = "Test", "Test", "{C182C50B-0B02-4B7D-95F8-22713E806E1D}"
EndProject
Project("{FAE04EC0-301F-11D3-BF4B-00C04F79EFBC}") = "M5_SALES.Core", "M5_SALES.Core\M5_SALES.Core.csproj", "{00EBE0D8-233B-4D95-9C55-E985A348A794}"
EndProject
Project("{FAE04EC0-301F-11D3-BF4B-00C04F79EFBC}") = "M5_SALES.Infrastructure", "M5_SALES.Infrastructure\M5_SALES.Infrastructure.csproj", "{01CE3D0C-34F4-424F-AEA5-D78258F4BD80}"
EndProject
Global
	GlobalSection(SolutionConfigurationPlatforms) = preSolution
		Debug|Any CPU = Debug|Any CPU
		Release|Any CPU = Release|Any CPU
	EndGlobalSection
	GlobalSection(ProjectConfigurationPlatforms) = postSolution
		{EE66CB43-1C5F-4B4A-8CFD-3E1EC9C11509}.Debug|Any CPU.ActiveCfg = Debug|Any CPU
		{EE66CB43-1C5F-4B4A-8CFD-3E1EC9C11509}.Debug|Any CPU.Build.0 = Debug|Any CPU
		{EE66CB43-1C5F-4B4A-8CFD-3E1EC9C11509}.Release|Any CPU.ActiveCfg = Release|Any CPU
		{EE66CB43-1C5F-4B4A-8CFD-3E1EC9C11509}.Release|Any CPU.Build.0 = Release|Any CPU
		{00EBE0D8-233B-4D95-9C55-E985A348A794}.Debug|Any CPU.ActiveCfg = Debug|Any CPU
		{00EBE0D8-233B-4D95-9C55-E985A348A794}.Debug|Any CPU.Build.0 = Debug|Any CPU
		{00EBE0D8-233B-4D95-9C55-E985A348A794}.Release|Any CPU.ActiveCfg = Release|Any CPU
		{00EBE0D8-233B-4D95-9C55-E985A348A794}.Release|Any CPU.Build.0 = Release|Any CPU
		{01CE3D0C-34F4-424F-AEA5-D78258F4BD80}.Debug|Any CPU.ActiveCfg = Debug|Any CPU
		{01CE3D0C-34F4-424F-AEA5-D78258F4BD80}.Debug|Any CPU.Build.0 = Debug|Any CPU
		{01CE3D0C-34F4-424F-AEA5-D78258F4BD80}.Release|Any CPU.ActiveCfg = Release|Any CPU
		{01CE3D0C-34F4-424F-AEA5-D78258F4BD80}.Release|Any CPU.Build.0 = Release|Any CPU
	EndGlobalSection
	GlobalSection(SolutionProperties) = preSolution
		HideSolutionNode = FALSE
	EndGlobalSection
	GlobalSection(ExtensibilityGlobals) = postSolution
		SolutionGuid = {299360F0-736A-4FE7-9E57-F841F51A86D9}
	EndGlobalSection
EndGlobal
